
Microsoft Visual Studio Solution File, Format Version 12.00
# Visual Studio 2013
VisualStudioVersion = 12.0.30723.0
MinimumVisualStudioVersion = 10.0.40219.1
Project("{8BC9CEB8-8B4A-11D0-8D11-00A0C91BC942}") = "cacoon", "cacoon\cacoon.vcxproj", "{F679DEC6-D304-4F7B-A9B1-7F42313F8896}"
EndProject
Project("{8BC9CEB8-8B4A-11D0-8D11-00A0C91BC942}") = "cacoon_test", "cacoon_test\cacoon_test.vcxproj", "{2692FBA7-4F6D-4708-9404-7DF02B0E4041}"
EndProject
Project("{8BC9CEB8-8B4A-11D0-8D11-00A0C91BC942}") = "agent_exe", "agent_exe\agent_exe.vcxproj", "{FAD44AD0-1EB9-4984-A6C3-385E9B447B2F}"
EndProject
Global
	GlobalSection(SolutionConfigurationPlatforms) = preSolution
		Debug|Win32 = Debug|Win32
		Release|Win32 = Release|Win32
	EndGlobalSection
	GlobalSection(ProjectConfigurationPlatforms) = postSolution
		{F679DEC6-D304-4F7B-A9B1-7F42313F8896}.Debug|Win32.ActiveCfg = Debug|Win32
		{F679DEC6-D304-4F7B-A9B1-7F42313F8896}.Debug|Win32.Build.0 = Debug|Win32
		{F679DEC6-D304-4F7B-A9B1-7F42313F8896}.Debug|Win32.Deploy.0 = Debug|Win32
		{F679DEC6-D304-4F7B-A9B1-7F42313F8896}.Release|Win32.ActiveCfg = Release|Win32
		{F679DEC6-D304-4F7B-A9B1-7F42313F8896}.Release|Win32.Build.0 = Release|Win32
		{F679DEC6-D304-4F7B-A9B1-7F42313F8896}.Release|Win32.Deploy.0 = Release|Win32
		{2692FBA7-4F6D-4708-9404-7DF02B0E4041}.Debug|Win32.ActiveCfg = Debug|Win32
		{2692FBA7-4F6D-4708-9404-7DF02B0E4041}.Debug|Win32.Build.0 = Debug|Win32
		{2692FBA7-4F6D-4708-9404-7DF02B0E4041}.Release|Win32.ActiveCfg = Release|Win32
		{2692FBA7-4F6D-4708-9404-7DF02B0E4041}.Release|Win32.Build.0 = Release|Win32
		{FAD44AD0-1EB9-4984-A6C3-385E9B447B2F}.Debug|Win32.ActiveCfg = Debug|Win32
		{FAD44AD0-1EB9-4984-A6C3-385E9B447B2F}.Debug|Win32.Build.0 = Debug|Win32
		{FAD44AD0-1EB9-4984-A6C3-385E9B447B2F}.Release|Win32.ActiveCfg = Release|Win32
		{FAD44AD0-1EB9-4984-A6C3-385E9B447B2F}.Release|Win32.Build.0 = Release|Win32
	EndGlobalSection
	GlobalSection(SolutionProperties) = preSolution
		HideSolutionNode = FALSE
	EndGlobalSection
EndGlobal
