<?xml version="1.0" encoding="utf-8"?>
<Project ToolsVersion="4.0" xmlns="http://schemas.microsoft.com/developer/msbuild/2003">
  <ItemGroup>
    <Filter Include="Header Files">
      <UniqueIdentifier>{b06f80f9-dffc-40fc-bbef-4de6c8e0909b}</UniqueIdentifier>
    </Filter>
    <Filter Include="Source Files">
      <UniqueIdentifier>{e3a65197-fa0b-49a5-a024-af0e1672ab78}</UniqueIdentifier>
    </Filter>
    <Filter Include="Generated Files">
      <UniqueIdentifier>{d7a5df78-ac3c-4d3e-b629-f8bf90e136cb}</UniqueIdentifier>
    </Filter>
  </ItemGroup>
  <ItemGroup>
    <ClCompile Include="source\agent_test.cpp">
      <Filter>Source Files</Filter>
    </ClCompile>
    <ClCompile Include="source\comms_test.cpp">
      <Filter>Source Files</Filter>
    </ClCompile>
    <ClCompile Include="source\datastore_test.cpp">
      <Filter>Source Files</Filter>
    </ClCompile>
    <ClCompile Include="source\message_factory_test.cpp">
      <Filter>Source Files</Filter>
    </ClCompile>
    <ClCompile Include="source\message_test_test.cpp">
      <Filter>Source Files</Filter>
    </ClCompile>
    <ClCompile Include="source\transport_test.cpp">
      <Filter>Source Files</Filter>
    </ClCompile>
    <ClCompile Include="..\..\bin\meta\generated\messages\message_factory.generated.cpp">
      <Filter>Generated Files</Filter>
    </ClCompile>
    <ClCompile Include="..\..\bin\meta\generated\messages\messages_types_implementation.generated.cpp">
      <Filter>Generated Files</Filter>
    </ClCompile>
  </ItemGroup>
  <ItemGroup>
    <ClInclude Include="include\cacoon_test.h">
      <Filter>Header Files</Filter>
    </ClInclude>
    <ClInclude Include="include\test_utils.h">
      <Filter>Header Files</Filter>
    </ClInclude>
    <ClInclude Include="..\..\bin\meta\generated\messages\messages_types_includes.generated.h">
      <Filter>Generated Files</Filter>
    </ClInclude>
    <ClInclude Include="..\..\bin\meta\generated\messages\test_message.generated.h">
      <Filter>Generated Files</Filter>
    </ClInclude>
  </ItemGroup>
</Project>