<?xml version="1.0" encoding="utf-8"?>
<Project ToolsVersion="4.0" xmlns="http://schemas.microsoft.com/developer/msbuild/2003">
  <ItemGroup>
    <Filter Include="Source Files">
      <UniqueIdentifier>{4FC737F1-C7A5-4376-A066-2A32D752A2FF}</UniqueIdentifier>
      <Extensions>cpp;c;cc;cxx;def;odl;idl;hpj;bat;asm;asmx</Extensions>
    </Filter>
    <Filter Include="Header Files">
      <UniqueIdentifier>{93995380-89BD-4b04-88EB-625FBE52EBFB}</UniqueIdentifier>
      <Extensions>h;hh;hpp;hxx;hm;inl;inc;xsd</Extensions>
    </Filter>
    <Filter Include="Resource Files">
      <UniqueIdentifier>{67DA6AB6-F800-4c08-8B7A-83BB121AAD01}</UniqueIdentifier>
      <Extensions>rc;ico;cur;bmp;dlg;rc2;rct;bin;rgs;gif;jpg;jpeg;jpe;resx;tiff;tif;png;wav;mfcribbon-ms</Extensions>
    </Filter>
    <Filter Include="Header Files\transport">
      <UniqueIdentifier>{5c6c4f3b-dba3-4126-8db1-6eb2b28258ce}</UniqueIdentifier>
    </Filter>
    <Filter Include="Source Files\transport">
      <UniqueIdentifier>{358bb0c2-1fdd-4294-8d87-5ef2e40c260c}</UniqueIdentifier>
    </Filter>
    <Filter Include="Header Files\datastore">
      <UniqueIdentifier>{e8e836b6-9f0e-4f6b-806e-bdb0d697f81e}</UniqueIdentifier>
    </Filter>
    <Filter Include="Source Files\datastore">
      <UniqueIdentifier>{0b0fd611-32c4-45ea-8d3d-de88efb81505}</UniqueIdentifier>
    </Filter>
    <Filter Include="Header Files\transport">
      <UniqueIdentifier>{5c6c4f3b-dba3-4126-8db1-6eb2b28258ce}</UniqueIdentifier>
    </Filter>
    <Filter Include="Source Files\transport">
      <UniqueIdentifier>{358bb0c2-1fdd-4294-8d87-5ef2e40c260c}</UniqueIdentifier>
    </Filter>
    <Filter Include="Header Files\comms">
      <UniqueIdentifier>{898e7121-f99a-47a6-9dbb-a99b37514b92}</UniqueIdentifier>
    </Filter>
    <Filter Include="Source Files\comms">
      <UniqueIdentifier>{794ddc8e-2fd7-4144-88b8-7bf1ebebf648}</UniqueIdentifier>
    </Filter>
  </ItemGroup>
  <ItemGroup>
    <ClCompile Include="datastore.cpp">
      <Filter>Source Files\datastore</Filter>
    </ClCompile>
    <ClCompile Include="transport.cpp">
      <Filter>Source Files\transport</Filter>
    </ClCompile>
    <ClCompile Include="transport_file.cpp">
      <Filter>Source Files\transport</Filter>
    </ClCompile>
    <ClCompile Include="datastore.cpp">
      <Filter>Source Files\datastore</Filter>
    </ClCompile>
    <ClCompile Include="datastore.cpp">
      <Filter>Source Files\datastore</Filter>
    </ClCompile>
    <ClCompile Include="serializable.cpp">
      <Filter>Source Files\comms</Filter>
    </ClCompile>
    <ClCompile Include="message.cpp">
      <Filter>Source Files\comms</Filter>
    </ClCompile>
  </ItemGroup>
  <ItemGroup>
    <ClInclude Include="agent.h">
      <Filter>Header Files</Filter>
    </ClInclude>
    <ClInclude Include="datastore.h">
      <Filter>Header Files\datastore</Filter>
    </ClInclude>
    <ClInclude Include="transport.h">
      <Filter>Header Files\transport</Filter>
    </ClInclude>
    <ClInclude Include="transport_file.h">
      <Filter>Header Files\transport</Filter>
    </ClInclude>
    <ClInclude Include="datastore.h">
      <Filter>Header Files\datastore</Filter>
    </ClInclude>
    <ClInclude Include="datastore.h">
      <Filter>Header Files\datastore</Filter>
    </ClInclude>
    <ClInclude Include="message.h">
      <Filter>Header Files\comms</Filter>
    </ClInclude>
    <ClInclude Include="serializable.h">
      <Filter>Header Files\comms</Filter>
    </ClInclude>
    <ClInclude Include="comms.h">
      <Filter>Header Files\comms</Filter>
    </ClInclude>
    <ClInclude Include="message_factory.h">
      <Filter>Header Files\comms</Filter>
    </ClInclude>
  </ItemGroup>
</Project>